
Microsoft Visual Studio Solution File, Format Version 12.00
# Visual Studio Version 16
VisualStudioVersion = 16.0.30413.136
MinimumVisualStudioVersion = 10.0.40219.1
Project("{FAE04EC0-301F-11D3-BF4B-00C04F79EFBC}") = "Simulacro", "Simulacro\Simulacro.csproj", "{BC805B1F-D6D4-4142-B6B8-300B9BAE922C}"
EndProject
Project("{FAE04EC0-301F-11D3-BF4B-00C04F79EFBC}") = "Simulacro.Tests", "Simulacro.Tests\Simulacro.Tests.csproj", "{1DFF4E2B-8621-4456-88A7-64AEEBA84A86}"
EndProject
Global
	GlobalSection(SolutionConfigurationPlatforms) = preSolution
		Debug|Any CPU = Debug|Any CPU
		Release|Any CPU = Release|Any CPU
	EndGlobalSection
	GlobalSection(ProjectConfigurationPlatforms) = postSolution
		{BC805B1F-D6D4-4142-B6B8-300B9BAE922C}.Debug|Any CPU.ActiveCfg = Debug|Any CPU
		{BC805B1F-D6D4-4142-B6B8-300B9BAE922C}.Debug|Any CPU.Build.0 = Debug|Any CPU
		{BC805B1F-D6D4-4142-B6B8-300B9BAE922C}.Release|Any CPU.ActiveCfg = Release|Any CPU
		{BC805B1F-D6D4-4142-B6B8-300B9BAE922C}.Release|Any CPU.Build.0 = Release|Any CPU
		{1DFF4E2B-8621-4456-88A7-64AEEBA84A86}.Debug|Any CPU.ActiveCfg = Debug|Any CPU
		{1DFF4E2B-8621-4456-88A7-64AEEBA84A86}.Debug|Any CPU.Build.0 = Debug|Any CPU
		{1DFF4E2B-8621-4456-88A7-64AEEBA84A86}.Release|Any CPU.ActiveCfg = Release|Any CPU
		{1DFF4E2B-8621-4456-88A7-64AEEBA84A86}.Release|Any CPU.Build.0 = Release|Any CPU
	EndGlobalSection
	GlobalSection(SolutionProperties) = preSolution
		HideSolutionNode = FALSE
	EndGlobalSection
	GlobalSection(ExtensibilityGlobals) = postSolution
		SolutionGuid = {417F6590-348E-4D98-8DD0-5DF2CE0DEA04}
	EndGlobalSection
EndGlobal
